
Microsoft Visual Studio Solution File, Format Version 12.00
# Visual Studio Version 17
VisualStudioVersion = 17.2.32516.85
MinimumVisualStudioVersion = 10.0.40219.1
Project("{FAE04EC0-301F-11D3-BF4B-00C04F79EFBC}") = "POO01", "POO01.csproj", "{38D91FBE-C635-451D-8D3D-9770EDBE243E}"
EndProject
Global
	GlobalSection(SolutionConfigurationPlatforms) = preSolution
		Debug|Any CPU = Debug|Any CPU
		Release|Any CPU = Release|Any CPU
	EndGlobalSection
	GlobalSection(ProjectConfigurationPlatforms) = postSolution
		{38D91FBE-C635-451D-8D3D-9770EDBE243E}.Debug|Any CPU.ActiveCfg = Debug|Any CPU
		{38D91FBE-C635-451D-8D3D-9770EDBE243E}.Debug|Any CPU.Build.0 = Debug|Any CPU
		{38D91FBE-C635-451D-8D3D-9770EDBE243E}.Release|Any CPU.ActiveCfg = Release|Any CPU
		{38D91FBE-C635-451D-8D3D-9770EDBE243E}.Release|Any CPU.Build.0 = Release|Any CPU
	EndGlobalSection
	GlobalSection(SolutionProperties) = preSolution
		HideSolutionNode = FALSE
	EndGlobalSection
	GlobalSection(ExtensibilityGlobals) = postSolution
		SolutionGuid = {76A8CBB8-A44B-413F-8E1F-C66A43E0273C}
	EndGlobalSection
EndGlobal
